// !$*UTF8*$!
{
	archiveVersion = 1;
	classes = {
	};
	objectVersion = 56;
	objects = {

/* Begin PBXBuildFile section */
		DCC72DF329D812E400555FBC /* main.cpp in Sources */ = {isa = PBXBuildFile; fileRef = DCC72DF229D812E400555FBC /* main.cpp */; };
		DCC72E0029D8141200555FBC /* Application.cpp in Sources */ = {isa = PBXBuildFile; fileRef = DCC72DFE29D8141200555FBC /* Application.cpp */; };
		DCC72E0329D817D000555FBC /* World.cpp in Sources */ = {isa = PBXBuildFile; fileRef = DCC72E0129D817D000555FBC /* World.cpp */; };
		DCC72E0629D821A200555FBC /* Solid.cpp in Sources */ = {isa = PBXBuildFile; fileRef = DCC72E0429D821A200555FBC /* Solid.cpp */; };
		DCC72E0929D823E400555FBC /* Math.cpp in Sources */ = {isa = PBXBuildFile; fileRef = DCC72E0729D823E400555FBC /* Math.cpp */; };
/* End PBXBuildFile section */

/* Begin PBXFileReference section */
		DCC72DEF29D812E400555FBC /* simple-physics */ = {isa = PBXFileReference; explicitFileType = "compiled.mach-o.executable"; includeInIndex = 0; path = "simple-physics"; sourceTree = BUILT_PRODUCTS_DIR; };
		DCC72DF229D812E400555FBC /* main.cpp */ = {isa = PBXFileReference; lastKnownFileType = sourcecode.cpp.cpp; path = main.cpp; sourceTree = "<group>"; };
		DCC72DFE29D8141200555FBC /* Application.cpp */ = {isa = PBXFileReference; lastKnownFileType = sourcecode.cpp.cpp; path = Application.cpp; sourceTree = "<group>"; };
		DCC72DFF29D8141200555FBC /* Application.hpp */ = {isa = PBXFileReference; lastKnownFileType = sourcecode.cpp.h; path = Application.hpp; sourceTree = "<group>"; };
		DCC72E0129D817D000555FBC /* World.cpp */ = {isa = PBXFileReference; lastKnownFileType = sourcecode.cpp.cpp; path = World.cpp; sourceTree = "<group>"; };
		DCC72E0229D817D000555FBC /* World.hpp */ = {isa = PBXFileReference; lastKnownFileType = sourcecode.cpp.h; path = World.hpp; sourceTree = "<group>"; };
		DCC72E0429D821A200555FBC /* Solid.cpp */ = {isa = PBXFileReference; lastKnownFileType = sourcecode.cpp.cpp; path = Solid.cpp; sourceTree = "<group>"; };
		DCC72E0529D821A200555FBC /* Solid.hpp */ = {isa = PBXFileReference; lastKnownFileType = sourcecode.cpp.h; path = Solid.hpp; sourceTree = "<group>"; };
		DCC72E0729D823E400555FBC /* Math.cpp */ = {isa = PBXFileReference; lastKnownFileType = sourcecode.cpp.cpp; path = Math.cpp; sourceTree = "<group>"; };
		DCC72E0829D823E400555FBC /* Math.hpp */ = {isa = PBXFileReference; lastKnownFileType = sourcecode.cpp.h; path = Math.hpp; sourceTree = "<group>"; };
/* End PBXFileReference section */

/* Begin PBXFrameworksBuildPhase section */
		DCC72DED29D812E400555FBC /* Frameworks */ = {
			isa = PBXFrameworksBuildPhase;
			buildActionMask = 2147483647;
			files = (
			);
			runOnlyForDeploymentPostprocessing = 0;
		};
/* End PBXFrameworksBuildPhase section */

/* Begin PBXGroup section */
		DCC72DE729D812E400555FBC = {
			isa = PBXGroup;
			children = (
				DCC72DF129D812E400555FBC /* simple-physics */,
				DCC72DF029D812E400555FBC /* Products */,
			);
			sourceTree = "<group>";
		};
		DCC72DF029D812E400555FBC /* Products */ = {
			isa = PBXGroup;
			children = (
				DCC72DEF29D812E400555FBC /* simple-physics */,
			);
			name = Products;
			sourceTree = "<group>";
		};
		DCC72DF129D812E400555FBC /* simple-physics */ = {
			isa = PBXGroup;
			children = (
				DCC72DF229D812E400555FBC /* main.cpp */,
				DCC72DFE29D8141200555FBC /* Application.cpp */,
				DCC72DFF29D8141200555FBC /* Application.hpp */,
				DCC72E0129D817D000555FBC /* World.cpp */,
				DCC72E0229D817D000555FBC /* World.hpp */,
				DCC72E0429D821A200555FBC /* Solid.cpp */,
				DCC72E0529D821A200555FBC /* Solid.hpp */,
				DCC72E0729D823E400555FBC /* Math.cpp */,
				DCC72E0829D823E400555FBC /* Math.hpp */,
			);
			path = "simple-physics";
			sourceTree = "<group>";
		};
/* End PBXGroup section */

/* Begin PBXNativeTarget section */
		DCC72DEE29D812E400555FBC /* simple-physics */ = {
			isa = PBXNativeTarget;
			buildConfigurationList = DCC72DFB29D812E400555FBC /* Build configuration list for PBXNativeTarget "simple-physics" */;
			buildPhases = (
				DCC72DEC29D812E400555FBC /* Sources */,
				DCC72DED29D812E400555FBC /* Frameworks */,
			);
			buildRules = (
			);
			dependencies = (
			);
			name = "simple-physics";
			productName = "simple-physics";
			productReference = DCC72DEF29D812E400555FBC /* simple-physics */;
			productType = "com.apple.product-type.tool";
		};
/* End PBXNativeTarget section */

/* Begin PBXProject section */
		DCC72DE829D812E400555FBC /* Project object */ = {
			isa = PBXProject;
			attributes = {
				BuildIndependentTargetsInParallel = 1;
				LastUpgradeCheck = 1420;
				ORGANIZATIONNAME = "Stephen Jaud";
				TargetAttributes = {
					DCC72DEE29D812E400555FBC = {
						CreatedOnToolsVersion = 14.2;
					};
				};
			};
			buildConfigurationList = DCC72DEB29D812E400555FBC /* Build configuration list for PBXProject "simple-physics" */;
			compatibilityVersion = "Xcode 14.0";
			developmentRegion = en;
			hasScannedForEncodings = 0;
			knownRegions = (
				en,
				Base,
			);
			mainGroup = DCC72DE729D812E400555FBC;
			productRefGroup = DCC72DF029D812E400555FBC /* Products */;
			projectDirPath = "";
			projectRoot = "";
			targets = (
				DCC72DEE29D812E400555FBC /* simple-physics */,
			);
		};
/* End PBXProject section */

/* Begin PBXSourcesBuildPhase section */
		DCC72DEC29D812E400555FBC /* Sources */ = {
			isa = PBXSourcesBuildPhase;
			buildActionMask = 2147483647;
			files = (
				DCC72E0029D8141200555FBC /* Application.cpp in Sources */,
				DCC72E0629D821A200555FBC /* Solid.cpp in Sources */,
				DCC72DF329D812E400555FBC /* main.cpp in Sources */,
				DCC72E0329D817D000555FBC /* World.cpp in Sources */,
				DCC72E0929D823E400555FBC /* Math.cpp in Sources */,
			);
			runOnlyForDeploymentPostprocessing = 0;
		};
/* End PBXSourcesBuildPhase section */

/* Begin XCBuildConfiguration section */
		DCC72DF929D812E400555FBC /* Debug */ = {
			isa = XCBuildConfiguration;
			buildSettings = {
				ARCHS = "$(NATIVE_ARCH_ACTUAL)";
				CLANG_CXX_LANGUAGE_STANDARD = "c++11";
				CLANG_CXX_LIBRARY = "libc++";
				FRAMEWORK_SEARCH_PATHS = (
					/Library/Frameworks/,
					"$(inherited)",
				);
				GCC_VERSION = com.apple.compilers.llvm.clang.1_0;
				HEADER_SEARCH_PATHS = (
					/usr/local/include/,
					"$(inherited)",
				);
				LIBRARY_SEARCH_PATHS = (
					/usr/local/lib/,
					"$(inherited)",
				);
				MACOSX_DEPLOYMENT_TARGET = 10.7;
				OTHER_LDFLAGS = (
					"$(inherited)",
					"$(SFML_SYSTEM)",
					"$(SFML_WINDOW)",
					"$(SFML_GRAPHICS)",
					"$(SFML_AUDIO)",
					"$(SFML_NETWORK)",
				);
				SFML_AUDIO = "$(SFML_LINK_PREFIX) sfml-audio$(SFML_LINK_SUFFIX)";
				SFML_BINARY_TYPE = FRAMEWORKS;
				SFML_GRAPHICS = "$(SFML_LINK_PREFIX) sfml-graphics$(SFML_LINK_SUFFIX)";
				SFML_LINK_DYLIBS_PREFIX = "-l";
				SFML_LINK_DYLIBS_SUFFIX = "";
				SFML_LINK_FRAMEWORKS_PREFIX = "-framework";
				SFML_LINK_FRAMEWORKS_SUFFIX = "";
				SFML_LINK_PREFIX = "$(SFML_LINK_$(SFML_BINARY_TYPE)_PREFIX)";
				SFML_LINK_SUFFIX = "$(SFML_LINK_$(SFML_BINARY_TYPE)_SUFFIX)";
				SFML_NETWORK = "$(SFML_LINK_PREFIX) sfml-network$(SFML_LINK_SUFFIX)";
				SFML_SYSTEM = "$(SFML_LINK_PREFIX) sfml-system$(SFML_LINK_SUFFIX)";
				SFML_WINDOW = "$(SFML_LINK_PREFIX) sfml-window$(SFML_LINK_SUFFIX)";
				SUPPORTED_PLATFORMS = macosx;
			};
			name = Debug;
		};
		DCC72DFA29D812E400555FBC /* Release */ = {
			isa = XCBuildConfiguration;
			buildSettings = {
				ARCHS = "$(NATIVE_ARCH_ACTUAL)";
				CLANG_CXX_LANGUAGE_STANDARD = "c++11";
				CLANG_CXX_LIBRARY = "libc++";
				FRAMEWORK_SEARCH_PATHS = (
					/Library/Frameworks/,
					"$(inherited)",
				);
				GCC_VERSION = com.apple.compilers.llvm.clang.1_0;
				HEADER_SEARCH_PATHS = (
					/usr/local/include/,
					"$(inherited)",
				);
				LIBRARY_SEARCH_PATHS = (
					/usr/local/lib/,
					"$(inherited)",
				);
				MACOSX_DEPLOYMENT_TARGET = 10.7;
				OTHER_LDFLAGS = (
					"$(inherited)",
					"$(SFML_SYSTEM)",
					"$(SFML_WINDOW)",
					"$(SFML_GRAPHICS)",
					"$(SFML_AUDIO)",
					"$(SFML_NETWORK)",
				);
				SFML_AUDIO = "$(SFML_LINK_PREFIX) sfml-audio$(SFML_LINK_SUFFIX)";
				SFML_BINARY_TYPE = FRAMEWORKS;
				SFML_GRAPHICS = "$(SFML_LINK_PREFIX) sfml-graphics$(SFML_LINK_SUFFIX)";
				SFML_LINK_DYLIBS_PREFIX = "-l";
				SFML_LINK_DYLIBS_SUFFIX = "";
				SFML_LINK_FRAMEWORKS_PREFIX = "-framework";
				SFML_LINK_FRAMEWORKS_SUFFIX = "";
				SFML_LINK_PREFIX = "$(SFML_LINK_$(SFML_BINARY_TYPE)_PREFIX)";
				SFML_LINK_SUFFIX = "$(SFML_LINK_$(SFML_BINARY_TYPE)_SUFFIX)";
				SFML_NETWORK = "$(SFML_LINK_PREFIX) sfml-network$(SFML_LINK_SUFFIX)";
				SFML_SYSTEM = "$(SFML_LINK_PREFIX) sfml-system$(SFML_LINK_SUFFIX)";
				SFML_WINDOW = "$(SFML_LINK_PREFIX) sfml-window$(SFML_LINK_SUFFIX)";
				SUPPORTED_PLATFORMS = macosx;
			};
			name = Release;
		};
		DCC72DFC29D812E400555FBC /* Debug */ = {
			isa = XCBuildConfiguration;
			buildSettings = {
				ALWAYS_SEARCH_USER_PATHS = NO;
				CODE_SIGN_IDENTITY = "Apple Development";
				CODE_SIGN_STYLE = Automatic;
				DEVELOPMENT_TEAM = 3MGYWW555Y;
				GCC_OPTIMIZATION_LEVEL = 0;
				MACOSX_DEPLOYMENT_TARGET = "$(RECOMMENDED_MACOSX_DEPLOYMENT_TARGET)";
				PRODUCT_NAME = "$(TARGET_NAME)";
				PROVISIONING_PROFILE_SPECIFIER = "";
			};
			name = Debug;
		};
		DCC72DFD29D812E400555FBC /* Release */ = {
			isa = XCBuildConfiguration;
			buildSettings = {
				ALWAYS_SEARCH_USER_PATHS = NO;
				CODE_SIGN_IDENTITY = "Apple Development";
				CODE_SIGN_STYLE = Automatic;
				DEVELOPMENT_TEAM = 3MGYWW555Y;
				MACOSX_DEPLOYMENT_TARGET = "$(RECOMMENDED_MACOSX_DEPLOYMENT_TARGET)";
				PRODUCT_NAME = "$(TARGET_NAME)";
				PROVISIONING_PROFILE_SPECIFIER = "";
			};
			name = Release;
		};
/* End XCBuildConfiguration section */

/* Begin XCConfigurationList section */
		DCC72DEB29D812E400555FBC /* Build configuration list for PBXProject "simple-physics" */ = {
			isa = XCConfigurationList;
			buildConfigurations = (
				DCC72DF929D812E400555FBC /* Debug */,
				DCC72DFA29D812E400555FBC /* Release */,
			);
			defaultConfigurationIsVisible = 0;
			defaultConfigurationName = Release;
		};
		DCC72DFB29D812E400555FBC /* Build configuration list for PBXNativeTarget "simple-physics" */ = {
			isa = XCConfigurationList;
			buildConfigurations = (
				DCC72DFC29D812E400555FBC /* Debug */,
				DCC72DFD29D812E400555FBC /* Release */,
			);
			defaultConfigurationIsVisible = 0;
			defaultConfigurationName = Release;
		};
/* End XCConfigurationList section */
	};
	rootObject = DCC72DE829D812E400555FBC /* Project object */;
}
